<?xml version="1.0" encoding="utf-8"?>
<Project ToolsVersion="4.0" xmlns="http://schemas.microsoft.com/developer/msbuild/2003">
  <ItemGroup>
    <Filter Include="Header Files">
      <UniqueIdentifier>{3f545985-4d9d-45de-8b87-b4fcdad0c7d8}</UniqueIdentifier>
    </Filter>
    <Filter Include="Source Files">
      <UniqueIdentifier>{458a1f93-b463-42ff-874e-b9c600a449b2}</UniqueIdentifier>
    </Filter>
  </ItemGroup>
  <ItemGroup>
    <ClCompile Include="Driver.c">
      <Filter>Source Files</Filter>
    </ClCompile>
    <ClCompile Include="ComHandler.c">
      <Filter>Source Files</Filter>
    </ClCompile>
  </ItemGroup>
  <ItemGroup>
    <ClInclude Include="ComHandler.h">
      <Filter>Header Files</Filter>
    </ClInclude>
    <ClInclude Include="NTInternals.h">
      <Filter>Header Files</Filter>
    </ClInclude>
    <ClInclude Include="..\Shared\Hypervisor.h">
      <Filter>Header Files</Filter>
    </ClInclude>
    <ClInclude Include="..\Shared\EPT.h">
      <Filter>Header Files</Filter>
    </ClInclude>
    <ClInclude Include="..\Shared\VMHook.h">
      <Filter>Header Files</Filter>
    </ClInclude>
  </ItemGroup>
  <ItemGroup>
    <MASM Include="..\Shared\VMCALL_Stub.asm">
      <Filter>Source Files</Filter>
    </MASM>
  </ItemGroup>
</Project>